{
  "version": "5",
  "specifiers": {
    "jsr:@std/assert@^1.0.14": "1.0.14",
    "jsr:@std/internal@^1.0.10": "1.0.10",
    "npm:@msgpack/msgpack@^3.1.2": "3.1.2",
    "npm:cbor2@^2.0.1": "2.0.1",
    "npm:cborg@^4.2.15": "4.2.15",
    "npm:uint8array-extras@^1.5.0": "1.5.0"
  },
  "jsr": {
    "@std/assert@1.0.14": {
      "integrity": "68d0d4a43b365abc927f45a9b85c639ea18a9fab96ad92281e493e4ed84abaa4",
      "dependencies": [
        "jsr:@std/internal"
      ]
    },
    "@std/internal@1.0.10": {
      "integrity": "e3be62ce42cab0e177c27698e5d9800122f67b766a0bea6ca4867886cbde8cf7"
    }
  },
  "npm": {
    "@cto.af/wtf8@0.0.2": {
      "integrity": "sha512-ATm4UQiKrdm5GnU6BvIwUDN+LDEtt23zuzKFpnfDT59ULAd0aMYm/nSFzbSO02garLcXumRC13PzNfa7BsfvSg=="
    },
    "@msgpack/msgpack@3.1.2": {
      "integrity": "sha512-JEW4DEtBzfe8HvUYecLU9e6+XJnKDlUAIve8FvPzF3Kzs6Xo/KuZkZJsDH0wJXl/qEZbeeE7edxDNY3kMs39hQ=="
    },
    "cbor2@2.0.1": {
      "integrity": "sha512-9bE8+tueGxONyxpttNKkAKKcGVtAPeoSJ64AjVTTjEuBOuRaeeP76EN9BbmQqkz1ZeTP0QPvksNBKwvEutIUzQ==",
      "dependencies": [
        "@cto.af/wtf8"
      ]
    },
    "cborg@4.2.15": {
      "integrity": "sha512-T+YVPemWyXcBVQdp0k61lQp2hJniRNmul0lAwTj2DTS/6dI4eCq/MRMucGqqvFqMBfmnD8tJ9aFtPu5dEGAbgw==",
      "bin": true
    },
    "uint8array-extras@1.5.0": {
      "integrity": "sha512-rvKSBiC5zqCCiDZ9kAOszZcDvdAHwwIKJG33Ykj43OKcWsnmcBRL09YTU4nOeHZ8Y2a7l1MgTd08SBe9A8Qj6A=="
    }
  },
  "workspace": {
    "dependencies": [
      "jsr:@std/assert@^1.0.14",
      "npm:@msgpack/msgpack@^3.1.2",
      "npm:cbor2@^2.0.1",
      "npm:cborg@^4.2.15",
      "npm:uint8array-extras@^1.5.0"
    ]
  }
}
