{
  "version": "5",
  "specifiers": {
    "jsr:@std/assert@^1.0.15": "1.0.15",
    "jsr:@std/internal@^1.0.12": "1.0.12",
    "npm:@msgpack/msgpack@^3.1.2": "3.1.2",
    "npm:cbor2@^2.0.1": "2.0.1",
    "npm:cborg@^4.2.18": "4.2.18",
    "npm:cross-bdd@0.2": "0.2.0",
    "npm:uint8array-extras@^1.5.0": "1.5.0"
  },
  "jsr": {
    "@std/assert@1.0.15": {
      "integrity": "d64018e951dbdfab9777335ecdb000c0b4e3df036984083be219ce5941e4703b",
      "dependencies": [
        "jsr:@std/internal"
      ]
    },
    "@std/internal@1.0.12": {
      "integrity": "972a634fd5bc34b242024402972cd5143eac68d8dffaca5eaa4dba30ce17b027"
    }
  },
  "npm": {
    "@cto.af/wtf8@0.0.2": {
      "integrity": "sha512-ATm4UQiKrdm5GnU6BvIwUDN+LDEtt23zuzKFpnfDT59ULAd0aMYm/nSFzbSO02garLcXumRC13PzNfa7BsfvSg=="
    },
    "@msgpack/msgpack@3.1.2": {
      "integrity": "sha512-JEW4DEtBzfe8HvUYecLU9e6+XJnKDlUAIve8FvPzF3Kzs6Xo/KuZkZJsDH0wJXl/qEZbeeE7edxDNY3kMs39hQ=="
    },
    "cbor2@2.0.1": {
      "integrity": "sha512-9bE8+tueGxONyxpttNKkAKKcGVtAPeoSJ64AjVTTjEuBOuRaeeP76EN9BbmQqkz1ZeTP0QPvksNBKwvEutIUzQ==",
      "dependencies": [
        "@cto.af/wtf8"
      ]
    },
    "cborg@4.2.18": {
      "integrity": "sha512-uzhkd5HOaLccokqeZa5B0Qz7/aa9C12pmUq5yU3vcy6I6OhTKdPHSzOuBPZfcoQHdcx8Emz/dWZbPNNfF/puvg==",
      "bin": true
    },
    "cross-bdd@0.2.0": {
      "integrity": "sha512-7rcKebgnLVAf/rAExIQeFHGMb0jBWJbqZYN33A1zF2pnP+1kK57uWv2vMj9juAYNgweSSWf9heTjJ1J5L+/MRA=="
    },
    "uint8array-extras@1.5.0": {
      "integrity": "sha512-rvKSBiC5zqCCiDZ9kAOszZcDvdAHwwIKJG33Ykj43OKcWsnmcBRL09YTU4nOeHZ8Y2a7l1MgTd08SBe9A8Qj6A=="
    }
  },
  "workspace": {
    "dependencies": [
      "jsr:@std/assert@^1.0.15",
      "npm:@msgpack/msgpack@^3.1.2",
      "npm:cbor2@^2.0.1",
      "npm:cborg@^4.2.18",
      "npm:cross-bdd@0.2",
      "npm:uint8array-extras@^1.5.0"
    ]
  }
}
